
Microsoft Visual Studio Solution File, Format Version 12.00
# Visual Studio Version 16
VisualStudioVersion = 16.0.31729.503
MinimumVisualStudioVersion = 10.0.40219.1
Project("{FAE04EC0-301F-11D3-BF4B-00C04F79EFBC}") = "TaskDelegate", "TaskDelegate\TaskDelegate.csproj", "{0B1DCD7D-2FCF-40EF-84D0-E0BD4F8337D3}"
EndProject
Global
	GlobalSection(SolutionConfigurationPlatforms) = preSolution
		Debug|Any CPU = Debug|Any CPU
		Release|Any CPU = Release|Any CPU
	EndGlobalSection
	GlobalSection(ProjectConfigurationPlatforms) = postSolution
		{0B1DCD7D-2FCF-40EF-84D0-E0BD4F8337D3}.Debug|Any CPU.ActiveCfg = Debug|Any CPU
		{0B1DCD7D-2FCF-40EF-84D0-E0BD4F8337D3}.Debug|Any CPU.Build.0 = Debug|Any CPU
		{0B1DCD7D-2FCF-40EF-84D0-E0BD4F8337D3}.Release|Any CPU.ActiveCfg = Release|Any CPU
		{0B1DCD7D-2FCF-40EF-84D0-E0BD4F8337D3}.Release|Any CPU.Build.0 = Release|Any CPU
	EndGlobalSection
	GlobalSection(SolutionProperties) = preSolution
		HideSolutionNode = FALSE
	EndGlobalSection
	GlobalSection(ExtensibilityGlobals) = postSolution
		SolutionGuid = {7394D547-6D41-46BB-A312-3C617118FEF0}
	EndGlobalSection
EndGlobal
